// !$*UTF8*$!
{
	archiveVersion = 1;
	classes = {
	};
	objectVersion = 46;
	objects = {

/* Begin PBXBuildFile section */
		B4AE84BA16329FBE00D99FBA /* UIKit.framework in Frameworks */ = {isa = PBXBuildFile; fileRef = B4AE84B916329FBE00D99FBA /* UIKit.framework */; };
		B4AE84BC16329FBE00D99FBA /* Foundation.framework in Frameworks */ = {isa = PBXBuildFile; fileRef = B4AE84BB16329FBE00D99FBA /* Foundation.framework */; };
		B4AE84BE16329FBE00D99FBA /* CoreGraphics.framework in Frameworks */ = {isa = PBXBuildFile; fileRef = B4AE84BD16329FBE00D99FBA /* CoreGraphics.framework */; };
		B4AE84C416329FBE00D99FBA /* InfoPlist.strings in Resources */ = {isa = PBXBuildFile; fileRef = B4AE84C216329FBE00D99FBA /* InfoPlist.strings */; };
		B4AE84C616329FBE00D99FBA /* main.m in Sources */ = {isa = PBXBuildFile; fileRef = B4AE84C516329FBE00D99FBA /* main.m */; };
		B4AE84CA16329FBE00D99FBA /* AppDelegate.m in Sources */ = {isa = PBXBuildFile; fileRef = B4AE84C916329FBE00D99FBA /* AppDelegate.m */; };
		B4AE84CD16329FBF00D99FBA /* ViewController.m in Sources */ = {isa = PBXBuildFile; fileRef = B4AE84CC16329FBF00D99FBA /* ViewController.m */; };
		B4AE84D016329FBF00D99FBA /* ViewController.xib in Resources */ = {isa = PBXBuildFile; fileRef = B4AE84CE16329FBF00D99FBA /* ViewController.xib */; };
		B4AE84D816329FBF00D99FBA /* SenTestingKit.framework in Frameworks */ = {isa = PBXBuildFile; fileRef = B4AE84D716329FBF00D99FBA /* SenTestingKit.framework */; };
		B4AE84D916329FBF00D99FBA /* UIKit.framework in Frameworks */ = {isa = PBXBuildFile; fileRef = B4AE84B916329FBE00D99FBA /* UIKit.framework */; };
		B4AE84DA16329FBF00D99FBA /* Foundation.framework in Frameworks */ = {isa = PBXBuildFile; fileRef = B4AE84BB16329FBE00D99FBA /* Foundation.framework */; };
		B4AE84E216329FBF00D99FBA /* InfoPlist.strings in Resources */ = {isa = PBXBuildFile; fileRef = B4AE84E016329FBF00D99FBA /* InfoPlist.strings */; };
		B4AE84E516329FBF00D99FBA /* TicTacTests.m in Sources */ = {isa = PBXBuildFile; fileRef = B4AE84E416329FBF00D99FBA /* TicTacTests.m */; };
/* End PBXBuildFile section */

/* Begin PBXContainerItemProxy section */
		B4AE84DB16329FBF00D99FBA /* PBXContainerItemProxy */ = {
			isa = PBXContainerItemProxy;
			containerPortal = B4AE84AC16329FBE00D99FBA /* Project object */;
			proxyType = 1;
			remoteGlobalIDString = B4AE84B416329FBE00D99FBA;
			remoteInfo = TicTac;
		};
/* End PBXContainerItemProxy section */

/* Begin PBXFileReference section */
		B4AE84B516329FBE00D99FBA /* TicTac.app */ = {isa = PBXFileReference; explicitFileType = wrapper.application; includeInIndex = 0; path = TicTac.app; sourceTree = BUILT_PRODUCTS_DIR; };
		B4AE84B916329FBE00D99FBA /* UIKit.framework */ = {isa = PBXFileReference; lastKnownFileType = wrapper.framework; name = UIKit.framework; path = System/Library/Frameworks/UIKit.framework; sourceTree = SDKROOT; };
		B4AE84BB16329FBE00D99FBA /* Foundation.framework */ = {isa = PBXFileReference; lastKnownFileType = wrapper.framework; name = Foundation.framework; path = System/Library/Frameworks/Foundation.framework; sourceTree = SDKROOT; };
		B4AE84BD16329FBE00D99FBA /* CoreGraphics.framework */ = {isa = PBXFileReference; lastKnownFileType = wrapper.framework; name = CoreGraphics.framework; path = System/Library/Frameworks/CoreGraphics.framework; sourceTree = SDKROOT; };
		B4AE84C116329FBE00D99FBA /* TicTac-Info.plist */ = {isa = PBXFileReference; path = "TicTac-Info.plist"; sourceTree = "<group>"; };
		B4AE84C316329FBE00D99FBA /* en */ = {isa = PBXFileReference; lastKnownFileType = text.plist.strings; name = en; path = en.lproj/InfoPlist.strings; sourceTree = "<group>"; };
		B4AE84C516329FBE00D99FBA /* main.m */ = {isa = PBXFileReference; lastKnownFileType = sourcecode.c.objc; path = main.m; sourceTree = "<group>"; };
		B4AE84C716329FBE00D99FBA /* TicTac-Prefix.pch */ = {isa = PBXFileReference; path = "TicTac-Prefix.pch"; sourceTree = "<group>"; };
		B4AE84C816329FBE00D99FBA /* AppDelegate.h */ = {isa = PBXFileReference; path = AppDelegate.h; sourceTree = "<group>"; };
		B4AE84C916329FBE00D99FBA /* AppDelegate.m */ = {isa = PBXFileReference; lastKnownFileType = sourcecode.c.objc; path = AppDelegate.m; sourceTree = "<group>"; };
		B4AE84CB16329FBF00D99FBA /* ViewController.h */ = {isa = PBXFileReference; path = ViewController.h; sourceTree = "<group>"; };
		B4AE84CC16329FBF00D99FBA /* ViewController.m */ = {isa = PBXFileReference; lastKnownFileType = sourcecode.c.objc; path = ViewController.m; sourceTree = "<group>"; };
		B4AE84CF16329FBF00D99FBA /* en */ = {isa = PBXFileReference; lastKnownFileType = file.xib; name = en; path = en.lproj/ViewController.xib; sourceTree = "<group>"; };
		B4AE84D616329FBF00D99FBA /* TicTacTests.octest */ = {isa = PBXFileReference; explicitFileType = wrapper.cfbundle; includeInIndex = 0; path = TicTacTests.octest; sourceTree = BUILT_PRODUCTS_DIR; };
		B4AE84D716329FBF00D99FBA /* SenTestingKit.framework */ = {isa = PBXFileReference; lastKnownFileType = wrapper.framework; name = SenTestingKit.framework; path = Library/Frameworks/SenTestingKit.framework; sourceTree = DEVELOPER_DIR; };
		B4AE84DF16329FBF00D99FBA /* TicTacTests-Info.plist */ = {isa = PBXFileReference; path = "TicTacTests-Info.plist"; sourceTree = "<group>"; };
		B4AE84E116329FBF00D99FBA /* en */ = {isa = PBXFileReference; lastKnownFileType = text.plist.strings; name = en; path = en.lproj/InfoPlist.strings; sourceTree = "<group>"; };
		B4AE84E316329FBF00D99FBA /* TicTacTests.h */ = {isa = PBXFileReference; path = TicTacTests.h; sourceTree = "<group>"; };
		B4AE84E416329FBF00D99FBA /* TicTacTests.m */ = {isa = PBXFileReference; lastKnownFileType = sourcecode.c.objc; path = TicTacTests.m; sourceTree = "<group>"; };
/* End PBXFileReference section */

/* Begin PBXFrameworksBuildPhase section */
		B4AE84B216329FBE00D99FBA /* Frameworks */ = {
			isa = PBXFrameworksBuildPhase;
			buildActionMask = 2147483647;
			files = (
				B4AE84BA16329FBE00D99FBA /* UIKit.framework in Frameworks */,
				B4AE84BC16329FBE00D99FBA /* Foundation.framework in Frameworks */,
				B4AE84BE16329FBE00D99FBA /* CoreGraphics.framework in Frameworks */,
			);
			runOnlyForDeploymentPostprocessing = 0;
		};
		B4AE84D216329FBF00D99FBA /* Frameworks */ = {
			isa = PBXFrameworksBuildPhase;
			buildActionMask = 2147483647;
			files = (
				B4AE84D816329FBF00D99FBA /* SenTestingKit.framework in Frameworks */,
				B4AE84D916329FBF00D99FBA /* UIKit.framework in Frameworks */,
				B4AE84DA16329FBF00D99FBA /* Foundation.framework in Frameworks */,
			);
			runOnlyForDeploymentPostprocessing = 0;
		};
/* End PBXFrameworksBuildPhase section */

/* Begin PBXGroup section */
		B4AE84AA16329FBE00D99FBA = {
			isa = PBXGroup;
			children = (
				B4AE84BF16329FBE00D99FBA /* TicTac */,
				B4AE84DD16329FBF00D99FBA /* TicTacTests */,
				B4AE84B816329FBE00D99FBA /* Frameworks */,
				B4AE84B616329FBE00D99FBA /* Products */,
			);
			sourceTree = "<group>";
		};
		B4AE84B616329FBE00D99FBA /* Products */ = {
			isa = PBXGroup;
			children = (
				B4AE84B516329FBE00D99FBA /* TicTac.app */,
				B4AE84D616329FBF00D99FBA /* TicTacTests.octest */,
			);
			name = Products;
			sourceTree = "<group>";
		};
		B4AE84B816329FBE00D99FBA /* Frameworks */ = {
			isa = PBXGroup;
			children = (
				B4AE84B916329FBE00D99FBA /* UIKit.framework */,
				B4AE84BB16329FBE00D99FBA /* Foundation.framework */,
				B4AE84BD16329FBE00D99FBA /* CoreGraphics.framework */,
				B4AE84D716329FBF00D99FBA /* SenTestingKit.framework */,
			);
			name = Frameworks;
			sourceTree = "<group>";
		};
		B4AE84BF16329FBE00D99FBA /* TicTac */ = {
			isa = PBXGroup;
			children = (
				B4AE84C816329FBE00D99FBA /* AppDelegate.h */,
				B4AE84C916329FBE00D99FBA /* AppDelegate.m */,
				B4AE84CB16329FBF00D99FBA /* ViewController.h */,
				B4AE84CC16329FBF00D99FBA /* ViewController.m */,
				B4AE84CE16329FBF00D99FBA /* ViewController.xib */,
				B4AE84C016329FBE00D99FBA /* Supporting Files */,
			);
			path = TicTac;
			sourceTree = "<group>";
		};
		B4AE84C016329FBE00D99FBA /* Supporting Files */ = {
			isa = PBXGroup;
			children = (
				B4AE84C116329FBE00D99FBA /* TicTac-Info.plist */,
				B4AE84C216329FBE00D99FBA /* InfoPlist.strings */,
				B4AE84C516329FBE00D99FBA /* main.m */,
				B4AE84C716329FBE00D99FBA /* TicTac-Prefix.pch */,
			);
			name = "Supporting Files";
			sourceTree = "<group>";
		};
		B4AE84DD16329FBF00D99FBA /* TicTacTests */ = {
			isa = PBXGroup;
			children = (
				B4AE84E316329FBF00D99FBA /* TicTacTests.h */,
				B4AE84E416329FBF00D99FBA /* TicTacTests.m */,
				B4AE84DE16329FBF00D99FBA /* Supporting Files */,
			);
			path = TicTacTests;
			sourceTree = "<group>";
		};
		B4AE84DE16329FBF00D99FBA /* Supporting Files */ = {
			isa = PBXGroup;
			children = (
				B4AE84DF16329FBF00D99FBA /* TicTacTests-Info.plist */,
				B4AE84E016329FBF00D99FBA /* InfoPlist.strings */,
			);
			name = "Supporting Files";
			sourceTree = "<group>";
		};
/* End PBXGroup section */

/* Begin PBXNativeTarget section */
		B4AE84B416329FBE00D99FBA /* TicTac */ = {
			isa = PBXNativeTarget;
			buildConfigurationList = B4AE84E816329FBF00D99FBA /* Build configuration list for PBXNativeTarget "TicTac" */;
			buildPhases = (
				B4AE84B116329FBE00D99FBA /* Sources */,
				B4AE84B216329FBE00D99FBA /* Frameworks */,
				B4AE84B316329FBE00D99FBA /* Resources */,
			);
			buildRules = (
			);
			dependencies = (
			);
			name = TicTac;
			productName = TicTac;
			productReference = B4AE84B516329FBE00D99FBA /* TicTac.app */;
			productType = "com.apple.product-type.application";
		};
		B4AE84D516329FBF00D99FBA /* TicTacTests */ = {
			isa = PBXNativeTarget;
			buildConfigurationList = B4AE84EB16329FBF00D99FBA /* Build configuration list for PBXNativeTarget "TicTacTests" */;
			buildPhases = (
				B4AE84D116329FBF00D99FBA /* Sources */,
				B4AE84D216329FBF00D99FBA /* Frameworks */,
				B4AE84D316329FBF00D99FBA /* Resources */,
				B4AE84D416329FBF00D99FBA /* ShellScript */,
			);
			buildRules = (
			);
			dependencies = (
				B4AE84DC16329FBF00D99FBA /* PBXTargetDependency */,
			);
			name = TicTacTests;
			productName = TicTacTests;
			productReference = B4AE84D616329FBF00D99FBA /* TicTacTests.octest */;
			productType = "com.apple.product-type.bundle";
		};
/* End PBXNativeTarget section */

/* Begin PBXProject section */
		B4AE84AC16329FBE00D99FBA /* Project object */ = {
			isa = PBXProject;
			attributes = {
				LastUpgradeCheck = 0420;
				ORGANIZATIONNAME = eminosoft;
			};
			buildConfigurationList = B4AE84AF16329FBE00D99FBA /* Build configuration list for PBXProject "TicTac" */;
			compatibilityVersion = "Xcode 3.2";
			developmentRegion = English;
			hasScannedForEncodings = 0;
			knownRegions = (
				en,
			);
			mainGroup = B4AE84AA16329FBE00D99FBA;
			productRefGroup = B4AE84B616329FBE00D99FBA /* Products */;
			projectDirPath = "";
			projectRoot = "";
			targets = (
				B4AE84B416329FBE00D99FBA /* TicTac */,
				B4AE84D516329FBF00D99FBA /* TicTacTests */,
			);
		};
/* End PBXProject section */

/* Begin PBXResourcesBuildPhase section */
		B4AE84B316329FBE00D99FBA /* Resources */ = {
			isa = PBXResourcesBuildPhase;
			buildActionMask = 2147483647;
			files = (
				B4AE84C416329FBE00D99FBA /* InfoPlist.strings in Resources */,
				B4AE84D016329FBF00D99FBA /* ViewController.xib in Resources */,
			);
			runOnlyForDeploymentPostprocessing = 0;
		};
		B4AE84D316329FBF00D99FBA /* Resources */ = {
			isa = PBXResourcesBuildPhase;
			buildActionMask = 2147483647;
			files = (
				B4AE84E216329FBF00D99FBA /* InfoPlist.strings in Resources */,
			);
			runOnlyForDeploymentPostprocessing = 0;
		};
/* End PBXResourcesBuildPhase section */

/* Begin PBXShellScriptBuildPhase section */
		B4AE84D416329FBF00D99FBA /* ShellScript */ = {
			isa = PBXShellScriptBuildPhase;
			buildActionMask = 2147483647;
			files = (
			);
			inputPaths = (
			);
			outputPaths = (
			);
			runOnlyForDeploymentPostprocessing = 0;
			shellPath = /bin/sh;
			shellScript = "# Run the unit tests in this test bundle.\n\"${SYSTEM_DEVELOPER_DIR}/Tools/RunUnitTests\"\n";
		};
/* End PBXShellScriptBuildPhase section */

/* Begin PBXSourcesBuildPhase section */
		B4AE84B116329FBE00D99FBA /* Sources */ = {
			isa = PBXSourcesBuildPhase;
			buildActionMask = 2147483647;
			files = (
				B4AE84C616329FBE00D99FBA /* main.m in Sources */,
				B4AE84CA16329FBE00D99FBA /* AppDelegate.m in Sources */,
				B4AE84CD16329FBF00D99FBA /* ViewController.m in Sources */,
			);
			runOnlyForDeploymentPostprocessing = 0;
		};
		B4AE84D116329FBF00D99FBA /* Sources */ = {
			isa = PBXSourcesBuildPhase;
			buildActionMask = 2147483647;
			files = (
				B4AE84E516329FBF00D99FBA /* TicTacTests.m in Sources */,
			);
			runOnlyForDeploymentPostprocessing = 0;
		};
/* End PBXSourcesBuildPhase section */

/* Begin PBXTargetDependency section */
		B4AE84DC16329FBF00D99FBA /* PBXTargetDependency */ = {
			isa = PBXTargetDependency;
			target = B4AE84B416329FBE00D99FBA /* TicTac */;
			targetProxy = B4AE84DB16329FBF00D99FBA /* PBXContainerItemProxy */;
		};
/* End PBXTargetDependency section */

/* Begin PBXVariantGroup section */
		B4AE84C216329FBE00D99FBA /* InfoPlist.strings */ = {
			isa = PBXVariantGroup;
			children = (
				B4AE84C316329FBE00D99FBA /* en */,
			);
			name = InfoPlist.strings;
			sourceTree = "<group>";
		};
		B4AE84CE16329FBF00D99FBA /* ViewController.xib */ = {
			isa = PBXVariantGroup;
			children = (
				B4AE84CF16329FBF00D99FBA /* en */,
			);
			name = ViewController.xib;
			sourceTree = "<group>";
		};
		B4AE84E016329FBF00D99FBA /* InfoPlist.strings */ = {
			isa = PBXVariantGroup;
			children = (
				B4AE84E116329FBF00D99FBA /* en */,
			);
			name = InfoPlist.strings;
			sourceTree = "<group>";
		};
/* End PBXVariantGroup section */

/* Begin XCBuildConfiguration section */
		B4AE84E616329FBF00D99FBA /* Debug */ = {
			isa = XCBuildConfiguration;
			buildSettings = {
				ALWAYS_SEARCH_USER_PATHS = NO;
				ARCHS = "$(ARCHS_STANDARD_32_BIT)";
				CLANG_ENABLE_OBJC_ARC = YES;
				"CODE_SIGN_IDENTITY[sdk=iphoneos*]" = "iPhone Developer";
				COPY_PHASE_STRIP = NO;
				GCC_C_LANGUAGE_STANDARD = gnu99;
				GCC_DYNAMIC_NO_PIC = NO;
				GCC_OPTIMIZATION_LEVEL = 0;
				GCC_PREPROCESSOR_DEFINITIONS = (
					"DEBUG=1",
					"$(inherited)",
				);
				GCC_SYMBOLS_PRIVATE_EXTERN = NO;
				GCC_VERSION = com.apple.compilers.llvm.clang.1_0;
				GCC_WARN_ABOUT_MISSING_PROTOTYPES = YES;
				GCC_WARN_ABOUT_RETURN_TYPE = YES;
				GCC_WARN_UNUSED_VARIABLE = YES;
				IPHONEOS_DEPLOYMENT_TARGET = 5.0;
				SDKROOT = iphoneos;
			};
			name = Debug;
		};
		B4AE84E716329FBF00D99FBA /* Release */ = {
			isa = XCBuildConfiguration;
			buildSettings = {
				ALWAYS_SEARCH_USER_PATHS = NO;
				ARCHS = "$(ARCHS_STANDARD_32_BIT)";
				CLANG_ENABLE_OBJC_ARC = YES;
				"CODE_SIGN_IDENTITY[sdk=iphoneos*]" = "iPhone Developer";
				COPY_PHASE_STRIP = YES;
				GCC_C_LANGUAGE_STANDARD = gnu99;
				GCC_VERSION = com.apple.compilers.llvm.clang.1_0;
				GCC_WARN_ABOUT_MISSING_PROTOTYPES = YES;
				GCC_WARN_ABOUT_RETURN_TYPE = YES;
				GCC_WARN_UNUSED_VARIABLE = YES;
				IPHONEOS_DEPLOYMENT_TARGET = 5.0;
				OTHER_CFLAGS = "-DNS_BLOCK_ASSERTIONS=1";
				SDKROOT = iphoneos;
				VALIDATE_PRODUCT = YES;
			};
			name = Release;
		};
		B4AE84E916329FBF00D99FBA /* Debug */ = {
			isa = XCBuildConfiguration;
			buildSettings = {
				GCC_PRECOMPILE_PREFIX_HEADER = YES;
				GCC_PREFIX_HEADER = "TicTac/TicTac-Prefix.pch";
				INFOPLIST_FILE = "TicTac/TicTac-Info.plist";
				PRODUCT_NAME = "$(TARGET_NAME)";
				WRAPPER_EXTENSION = app;
			};
			name = Debug;
		};
		B4AE84EA16329FBF00D99FBA /* Release */ = {
			isa = XCBuildConfiguration;
			buildSettings = {
				GCC_PRECOMPILE_PREFIX_HEADER = YES;
				GCC_PREFIX_HEADER = "TicTac/TicTac-Prefix.pch";
				INFOPLIST_FILE = "TicTac/TicTac-Info.plist";
				PRODUCT_NAME = "$(TARGET_NAME)";
				WRAPPER_EXTENSION = app;
			};
			name = Release;
		};
		B4AE84EC16329FBF00D99FBA /* Debug */ = {
			isa = XCBuildConfiguration;
			buildSettings = {
				BUNDLE_LOADER = "$(BUILT_PRODUCTS_DIR)/TicTac.app/TicTac";
				FRAMEWORK_SEARCH_PATHS = (
					"$(SDKROOT)/Developer/Library/Frameworks",
					"$(DEVELOPER_LIBRARY_DIR)/Frameworks",
				);
				GCC_PRECOMPILE_PREFIX_HEADER = YES;
				GCC_PREFIX_HEADER = "TicTac/TicTac-Prefix.pch";
				INFOPLIST_FILE = "TicTacTests/TicTacTests-Info.plist";
				PRODUCT_NAME = "$(TARGET_NAME)";
				TEST_HOST = "$(BUNDLE_LOADER)";
				WRAPPER_EXTENSION = octest;
			};
			name = Debug;
		};
		B4AE84ED16329FBF00D99FBA /* Release */ = {
			isa = XCBuildConfiguration;
			buildSettings = {
				BUNDLE_LOADER = "$(BUILT_PRODUCTS_DIR)/TicTac.app/TicTac";
				FRAMEWORK_SEARCH_PATHS = (
					"$(SDKROOT)/Developer/Library/Frameworks",
					"$(DEVELOPER_LIBRARY_DIR)/Frameworks",
				);
				GCC_PRECOMPILE_PREFIX_HEADER = YES;
				GCC_PREFIX_HEADER = "TicTac/TicTac-Prefix.pch";
				INFOPLIST_FILE = "TicTacTests/TicTacTests-Info.plist";
				PRODUCT_NAME = "$(TARGET_NAME)";
				TEST_HOST = "$(BUNDLE_LOADER)";
				WRAPPER_EXTENSION = octest;
			};
			name = Release;
		};
/* End XCBuildConfiguration section */

/* Begin XCConfigurationList section */
		B4AE84AF16329FBE00D99FBA /* Build configuration list for PBXProject "TicTac" */ = {
			isa = XCConfigurationList;
			buildConfigurations = (
				B4AE84E616329FBF00D99FBA /* Debug */,
				B4AE84E716329FBF00D99FBA /* Release */,
			);
			defaultConfigurationIsVisible = 0;
			defaultConfigurationName = Release;
		};
		B4AE84E816329FBF00D99FBA /* Build configuration list for PBXNativeTarget "TicTac" */ = {
			isa = XCConfigurationList;
			buildConfigurations = (
				B4AE84E916329FBF00D99FBA /* Debug */,
				B4AE84EA16329FBF00D99FBA /* Release */,
			);
			defaultConfigurationIsVisible = 0;
		};
		B4AE84EB16329FBF00D99FBA /* Build configuration list for PBXNativeTarget "TicTacTests" */ = {
			isa = XCConfigurationList;
			buildConfigurations = (
				B4AE84EC16329FBF00D99FBA /* Debug */,
				B4AE84ED16329FBF00D99FBA /* Release */,
			);
			defaultConfigurationIsVisible = 0;
		};
/* End XCConfigurationList section */
	};
	rootObject = B4AE84AC16329FBE00D99FBA /* Project object */;
}
